
Microsoft Visual Studio Solution File, Format Version 12.00
# Visual Studio Version 17
VisualStudioVersion = 17.1.32210.238
MinimumVisualStudioVersion = 10.0.40219.1
Project("{9A19103F-16F7-4668-BE54-9A1E7A4F7556}") = "RealtimeMode", "RealtimeMode\RealtimeMode.csproj", "{D15DF3DC-769F-428B-A930-982CD1851D36}"
EndProject
Project("{D954291E-2A0B-460D-934E-DC6B0785DB48}") = "HumankindLib", "HumankindLib\HumankindLib.shproj", "{38F176D2-8014-46A9-AD2E-80AA014E49C0}"
EndProject
Project("{D954291E-2A0B-460D-934E-DC6B0785DB48}") = "SharedLib", "SharedLib\SharedLib.shproj", "{260F128A-7A49-404C-9667-9E2178623D9E}"
EndProject
Project("{D954291E-2A0B-460D-934E-DC6B0785DB48}") = "AnN3xLib", "AnN3xLib\AnN3xLib.shproj", "{6F926D1B-5AE3-4A29-99B1-7429EC4B6DFA}"
EndProject
Project("{D954291E-2A0B-460D-934E-DC6B0785DB48}") = "AnN3xHumankindLib", "AnN3xHumankindLib\AnN3xHumankindLib.shproj", "{C71C3635-1254-4087-86F5-4B855903DED4}"
EndProject
Global
	GlobalSection(SharedMSBuildProjectFiles) = preSolution
		SharedLib\SharedLib.projitems*{260f128a-7a49-404c-9667-9e2178623d9e}*SharedItemsImports = 13
		HumankindLib\HumankindLib.projitems*{38f176d2-8014-46a9-ad2e-80aa014e49c0}*SharedItemsImports = 13
		AnN3xLib\AnN3xLib.projitems*{6f926d1b-5ae3-4a29-99b1-7429ec4b6dfa}*SharedItemsImports = 13
		AnN3xHumankindLib\AnN3xHumankindLib.projitems*{c71c3635-1254-4087-86f5-4b855903ded4}*SharedItemsImports = 13
		HumankindLib\HumankindLib.projitems*{d15df3dc-769f-428b-a930-982cd1851d36}*SharedItemsImports = 5
		SharedLib\SharedLib.projitems*{d15df3dc-769f-428b-a930-982cd1851d36}*SharedItemsImports = 5
	EndGlobalSection
	GlobalSection(SolutionConfigurationPlatforms) = preSolution
		Debug|Any CPU = Debug|Any CPU
		Release_net35|Any CPU = Release_net35|Any CPU
		Release|Any CPU = Release|Any CPU
	EndGlobalSection
	GlobalSection(ProjectConfigurationPlatforms) = postSolution
		{D15DF3DC-769F-428B-A930-982CD1851D36}.Debug|Any CPU.ActiveCfg = Debug|Any CPU
		{D15DF3DC-769F-428B-A930-982CD1851D36}.Debug|Any CPU.Build.0 = Debug|Any CPU
		{D15DF3DC-769F-428B-A930-982CD1851D36}.Release_net35|Any CPU.ActiveCfg = Release_net35|Any CPU
		{D15DF3DC-769F-428B-A930-982CD1851D36}.Release_net35|Any CPU.Build.0 = Release_net35|Any CPU
		{D15DF3DC-769F-428B-A930-982CD1851D36}.Release|Any CPU.ActiveCfg = Release|Any CPU
		{D15DF3DC-769F-428B-A930-982CD1851D36}.Release|Any CPU.Build.0 = Release|Any CPU
	EndGlobalSection
	GlobalSection(SolutionProperties) = preSolution
		HideSolutionNode = FALSE
	EndGlobalSection
	GlobalSection(ExtensibilityGlobals) = postSolution
		SolutionGuid = {6B440288-53C6-4EF8-B2C3-84840E02F5BB}
	EndGlobalSection
EndGlobal
