
Microsoft Visual Studio Solution File, Format Version 12.00
# Visual Studio Version 17
VisualStudioVersion = 17.1.32210.238
MinimumVisualStudioVersion = 10.0.40219.1
Project("{9A19103F-16F7-4668-BE54-9A1E7A4F7556}") = "EndlessMovingArmies", "EndlessMovingArmies\EndlessMovingArmies.csproj", "{D15DF3DC-769F-428B-A930-982CD1851D36}"
EndProject
Project("{D954291E-2A0B-460D-934E-DC6B0785DB48}") = "HumankindLib", "HumankindLib\HumankindLib.shproj", "{38F176D2-8014-46A9-AD2E-80AA014E49C0}"
EndProject
Project("{D954291E-2A0B-460D-934E-DC6B0785DB48}") = "CoreLib", "CoreLib\CoreLib.shproj", "{EDAD1558-652A-4E32-A7CA-28468FBA4941}"
EndProject
Project("{D954291E-2A0B-460D-934E-DC6B0785DB48}") = "StyledGUI", "StyledGUI\StyledGUI.shproj", "{FFF04520-DD9D-4360-9CC7-862C60C6F01D}"
EndProject
Project("{FAE04EC0-301F-11D3-BF4B-00C04F79EFBC}") = "ScreenVisibilityControls", "ScreenVisibilityControls\ScreenVisibilityControls.csproj", "{4AD76F60-15BA-4E53-861F-0BE41A1CB7AD}"
EndProject
Project("{FAE04EC0-301F-11D3-BF4B-00C04F79EFBC}") = "UI", "UI\UI.csproj", "{CBA23022-7FD7-40BC-B4B9-E3669309C9D2}"
EndProject
Project("{FAE04EC0-301F-11D3-BF4B-00C04F79EFBC}") = "ScenarioEditor", "ScenarioEditor\ScenarioEditor.csproj", "{C4D1F688-B884-4E69-B392-0344426C7D9D}"
EndProject
Global
	GlobalSection(SharedMSBuildProjectFiles) = preSolution
		HumankindLib\HumankindLib.projitems*{38f176d2-8014-46a9-ad2e-80aa014e49c0}*SharedItemsImports = 13
		HumankindLib\HumankindLib.projitems*{d15df3dc-769f-428b-a930-982cd1851d36}*SharedItemsImports = 5
		CoreLib\CoreLib.projitems*{d15df3dc-769f-428b-a930-982cd1851d36}*SharedItemsImports = 5
		CoreLib\CoreLib.projitems*{edad1558-652a-4e32-a7ca-28468fba4941}*SharedItemsImports = 13
	EndGlobalSection
	GlobalSection(SolutionConfigurationPlatforms) = preSolution
		Debug|Any CPU = Debug|Any CPU
		Release|Any CPU = Release|Any CPU
	EndGlobalSection
	GlobalSection(ProjectConfigurationPlatforms) = postSolution
		{D15DF3DC-769F-428B-A930-982CD1851D36}.Debug|Any CPU.ActiveCfg = Debug|Any CPU
		{D15DF3DC-769F-428B-A930-982CD1851D36}.Debug|Any CPU.Build.0 = Debug|Any CPU
		{D15DF3DC-769F-428B-A930-982CD1851D36}.Release|Any CPU.ActiveCfg = Release|Any CPU
		{D15DF3DC-769F-428B-A930-982CD1851D36}.Release|Any CPU.Build.0 = Release|Any CPU
		{4AD76F60-15BA-4E53-861F-0BE41A1CB7AD}.Debug|Any CPU.ActiveCfg = Debug|Any CPU
		{4AD76F60-15BA-4E53-861F-0BE41A1CB7AD}.Debug|Any CPU.Build.0 = Debug|Any CPU
		{4AD76F60-15BA-4E53-861F-0BE41A1CB7AD}.Release|Any CPU.ActiveCfg = Release|Any CPU
		{4AD76F60-15BA-4E53-861F-0BE41A1CB7AD}.Release|Any CPU.Build.0 = Release|Any CPU
		{CBA23022-7FD7-40BC-B4B9-E3669309C9D2}.Debug|Any CPU.ActiveCfg = Debug|Any CPU
		{CBA23022-7FD7-40BC-B4B9-E3669309C9D2}.Debug|Any CPU.Build.0 = Debug|Any CPU
		{CBA23022-7FD7-40BC-B4B9-E3669309C9D2}.Release|Any CPU.ActiveCfg = Release|Any CPU
		{CBA23022-7FD7-40BC-B4B9-E3669309C9D2}.Release|Any CPU.Build.0 = Release|Any CPU
		{C4D1F688-B884-4E69-B392-0344426C7D9D}.Debug|Any CPU.ActiveCfg = Debug|Any CPU
		{C4D1F688-B884-4E69-B392-0344426C7D9D}.Debug|Any CPU.Build.0 = Debug|Any CPU
		{C4D1F688-B884-4E69-B392-0344426C7D9D}.Release|Any CPU.ActiveCfg = Release|Any CPU
		{C4D1F688-B884-4E69-B392-0344426C7D9D}.Release|Any CPU.Build.0 = Release|Any CPU
	EndGlobalSection
	GlobalSection(SolutionProperties) = preSolution
		HideSolutionNode = FALSE
	EndGlobalSection
	GlobalSection(ExtensibilityGlobals) = postSolution
		SolutionGuid = {6B440288-53C6-4EF8-B2C3-84840E02F5BB}
	EndGlobalSection
EndGlobal
